github.com/haya14busa/go-checkstyle v0.0.0-20170303121022-5e9d09f51fa1 h1:biVg9rs1Vl8LAwrkjlssTaEn2csIl3LKoQVEJrWGmJ8=
github.com/haya14busa/go-checkstyle v0.0.0-20170303121022-5e9d09f51fa1/go.mod h1:RsN5RGgVYeXpcXNtWyztD5VIe7VNSEqpJvF2iEH7QvI=
github.com/haya14busa/go-sarif v0.0.0-20200630112854-9cb91d1dd195 h1:rcUS6t7Y+gk7H+YQWI37f84w3wCM4nkf8jNDXIncbms=
github.com/haya14busa/go-sarif v0.0.0-20200630112854-9cb91d1dd195/go.mod h1:1Hkn3JseGMB/hv1ywzkapVQDWV3bFgp6POZobZmR/5g=
github.com/haya14busa/go-sarif v0.0.0-20200630121006-037a9a3f0753 h1:IffTVdvCY1/ouH3/MdztdkRGSiPu8sdE2QikzvREFWg=
github.com/haya14busa/go-sarif v0.0.0-20200630121006-037a9a3f0753/go.mod h1:1Hkn3JseGMB/hv1ywzkapVQDWV3bFgp6POZobZmR/5g=
github.com/haya14busa/go-sarif v0.0.0-20200630141737-3c4893c6d735 h1:c3EFVRLg+cqOhbQLGDtCRGnFM+bZPLbjNG8aMt6hh/E=
github.com/haya14busa/go-sarif v0.0.0-20200630141737-3c4893c6d735/go.mod h1:1Hkn3JseGMB/hv1ywzkapVQDWV3bFgp6POZobZmR/5g=
github.com/haya14busa/go-sarif v0.0.0-20200721090635-d2343efc5d00 h1:PHHK/Qr6GoczWoc4gg92mztZ0G1ns+qGYjSftyPXTag=
github.com/haya14busa/go-sarif v0.0.0-20200721090635-d2343efc5d00/go.mod h1:1Hkn3JseGMB/hv1ywzkapVQDWV3bFgp6POZobZmR/5g=
github.com/haya14busa/go-sarif v0.0.0-20210102043135-e2c5fed2fa3d h1:2uCbyMhWNFYI+HkRqXfIeTq5pTPxQM68yG+INJ2gvq8=
github.com/haya14busa/go-sarif v0.0.0-20210102043135-e2c5fed2fa3d/go.mod h1:1Hkn3JseGMB/hv1ywzkapVQDWV3bFgp6POZobZmR/5g=
